
Microsoft Visual Studio Solution File, Format Version 11.00
# Visual Studio 2010
Project("{FAE04EC0-301F-11D3-BF4B-00C04F79EFBC}") = "access-analysis", "access-analysis.csproj", "{997F9F57-D002-4CDE-8093-D3CA5006362B}"
EndProject
Global
	GlobalSection(SolutionConfigurationPlatforms) = preSolution
		Debug|x86 = Debug|x86
	EndGlobalSection
	GlobalSection(ProjectConfigurationPlatforms) = postSolution
		{997F9F57-D002-4CDE-8093-D3CA5006362B}.Debug|x86.ActiveCfg = Debug|x86
		{997F9F57-D002-4CDE-8093-D3CA5006362B}.Debug|x86.Build.0 = Debug|x86
	EndGlobalSection
	GlobalSection(SolutionProperties) = preSolution
		HideSolutionNode = FALSE
	EndGlobalSection
EndGlobal
